# THIS IS AN AUTOGENERATED FILE. DO NOT EDIT THIS FILE DIRECTLY.
# yarn lockfile v1


"@babel/helper-validator-identifier@^7.12.11":
  "integrity" "sha1-yaHwIZF9y1zPDU5FPjmQIpgfye0="
  "resolved" "https://registry.npm.taobao.org/@babel/helper-validator-identifier/download/@babel/helper-validator-identifier-7.12.11.tgz"
  "version" "7.12.11"

"@babel/parser@^7.12.0":
  "integrity" "sha1-j4+b97Ovo+q9Bh96W830/sPEhAk="
  "resolved" "https://registry.npm.taobao.org/@babel/parser/download/@babel/parser-7.13.10.tgz?cache=0&sync_timestamp=1615243221898&other_urls=https%3A%2F%2Fregistry.npm.taobao.org%2F%40babel%2Fparser%2Fdownload%2F%40babel%2Fparser-7.13.10.tgz"
  "version" "7.13.10"

"@babel/runtime-corejs3@^7.11.2":
  "integrity" "sha1-FMP0yF3iK6iOjoZoXRPohhqC/oY="
  "resolved" "https://registry.npm.taobao.org/@babel/runtime-corejs3/download/@babel/runtime-corejs3-7.13.10.tgz"
  "version" "7.13.10"
  dependencies:
    "core-js-pure" "^3.0.0"
    "regenerator-runtime" "^0.13.4"

"@babel/runtime@^7.11.2":
  "integrity" "sha1-R9QqV7YJX0Ro2kQDiP262L6/DX0="
  "resolved" "https://registry.npm.taobao.org/@babel/runtime/download/@babel/runtime-7.13.10.tgz?cache=0&sync_timestamp=1615243220467&other_urls=https%3A%2F%2Fregistry.npm.taobao.org%2F%40babel%2Fruntime%2Fdownload%2F%40babel%2Fruntime-7.13.10.tgz"
  "version" "7.13.10"
  dependencies:
    "regenerator-runtime" "^0.13.4"

"@babel/types@^7.12.0":
  "integrity" "sha1-dEJNKBbwFxtBAPCrNOmjdO/ff4A="
  "resolved" "https://registry.npm.taobao.org/@babel/types/download/@babel/types-7.13.0.tgz?cache=0&sync_timestamp=1614034253440&other_urls=https%3A%2F%2Fregistry.npm.taobao.org%2F%40babel%2Ftypes%2Fdownload%2F%40babel%2Ftypes-7.13.0.tgz"
  "version" "7.13.0"
  dependencies:
    "@babel/helper-validator-identifier" "^7.12.11"
    "lodash" "^4.17.19"
    "to-fast-properties" "^2.0.0"

"@popperjs/core@^2.4.4":
  "integrity" "sha1-f1VOc2jJq2eaEfSgQsoXFJ1wzxI="
  "resolved" "https://registry.npm.taobao.org/@popperjs/core/download/@popperjs/core-2.9.1.tgz?cache=0&sync_timestamp=1615219548730&other_urls=https%3A%2F%2Fregistry.npm.taobao.org%2F%40popperjs%2Fcore%2Fdownload%2F%40popperjs%2Fcore-2.9.1.tgz"
  "version" "2.9.1"

"@types/axios@^0.14.0":
  "integrity" "sha1-7CMA++fX3d1+udOr+HmZlkyvzkY="
  "resolved" "https://registry.npm.taobao.org/@types/axios/download/@types/axios-0.14.0.tgz"
  "version" "0.14.0"
  dependencies:
    "axios" "*"

"@types/clipboard@^2.0.1":
  "integrity" "sha1-dadAhsKT11sSvJP/E7x3l/7wWkA="
  "resolved" "https://registry.npm.taobao.org/@types/clipboard/download/@types/clipboard-2.0.1.tgz"
  "version" "2.0.1"

"@types/node@^14.14.32":
  "integrity" "sha1-nk+MZDRVIuToznezNKiqpk4rbHg="
  "resolved" "https://registry.npm.taobao.org/@types/node/download/@types/node-14.14.33.tgz?cache=0&sync_timestamp=1615307197617&other_urls=https%3A%2F%2Fregistry.npm.taobao.org%2F%40types%2Fnode%2Fdownload%2F%40types%2Fnode-14.14.33.tgz"
  "version" "14.14.33"

"@types/nprogress@^0.2.0":
  "integrity" "sha1-hsWTaC1BmSEqBQnMPE1WK7vW5F8="
  "resolved" "https://registry.npm.taobao.org/@types/nprogress/download/@types/nprogress-0.2.0.tgz"
  "version" "0.2.0"

"@types/sortablejs@^1.10.6":
  "integrity" "sha1-mHJa4I8d/ii42g/fMCxBf1/wQ8A="
  "resolved" "https://registry.npm.taobao.org/@types/sortablejs/download/@types/sortablejs-1.10.6.tgz"
  "version" "1.10.6"

"@vitejs/plugin-vue@^1.1.5":
  "integrity" "sha1-+h6OXgScNeITZy4z9z/oFwatXb4="
  "resolved" "https://registry.npm.taobao.org/@vitejs/plugin-vue/download/@vitejs/plugin-vue-1.1.5.tgz"
  "version" "1.1.5"

"@vue/compiler-core@3.0.7":
  "integrity" "sha1-QheCpMZ8w/K3wwRX70RtdPhST3Q="
  "resolved" "https://registry.npm.taobao.org/@vue/compiler-core/download/@vue/compiler-core-3.0.7.tgz?cache=0&sync_timestamp=1614614416527&other_urls=https%3A%2F%2Fregistry.npm.taobao.org%2F%40vue%2Fcompiler-core%2Fdownload%2F%40vue%2Fcompiler-core-3.0.7.tgz"
  "version" "3.0.7"
  dependencies:
    "@babel/parser" "^7.12.0"
    "@babel/types" "^7.12.0"
    "@vue/shared" "3.0.7"
    "estree-walker" "^2.0.1"
    "source-map" "^0.6.1"

"@vue/compiler-dom@3.0.7":
  "integrity" "sha1-VNLhL7mnr/U6vRnawsJnlTPwyRk="
  "resolved" "https://registry.npm.taobao.org/@vue/compiler-dom/download/@vue/compiler-dom-3.0.7.tgz?cache=0&sync_timestamp=1614614417367&other_urls=https%3A%2F%2Fregistry.npm.taobao.org%2F%40vue%2Fcompiler-dom%2Fdownload%2F%40vue%2Fcompiler-dom-3.0.7.tgz"
  "version" "3.0.7"
  dependencies:
    "@vue/compiler-core" "3.0.7"
    "@vue/shared" "3.0.7"

"@vue/compiler-sfc@^3.0.7":
  "integrity" "sha1-kAQUdQzHJlU7hwSQ9IBzRR/RTwc="
  "resolved" "https://registry.npm.taobao.org/@vue/compiler-sfc/download/@vue/compiler-sfc-3.0.7.tgz?cache=0&sync_timestamp=1614614418116&other_urls=https%3A%2F%2Fregistry.npm.taobao.org%2F%40vue%2Fcompiler-sfc%2Fdownload%2F%40vue%2Fcompiler-sfc-3.0.7.tgz"
  "version" "3.0.7"
  dependencies:
    "@babel/parser" "^7.12.0"
    "@babel/types" "^7.12.0"
    "@vue/compiler-core" "3.0.7"
    "@vue/compiler-dom" "3.0.7"
    "@vue/compiler-ssr" "3.0.7"
    "@vue/shared" "3.0.7"
    "consolidate" "^0.16.0"
    "estree-walker" "^2.0.1"
    "hash-sum" "^2.0.0"
    "lru-cache" "^5.1.1"
    "magic-string" "^0.25.7"
    "merge-source-map" "^1.1.0"
    "postcss" "^8.1.10"
    "postcss-modules" "^4.0.0"
    "postcss-selector-parser" "^6.0.4"
    "source-map" "^0.6.1"

"@vue/compiler-ssr@3.0.7":
  "integrity" "sha1-KLhdSXOB11/kQjQFexQLAGXKnb8="
  "resolved" "https://registry.npm.taobao.org/@vue/compiler-ssr/download/@vue/compiler-ssr-3.0.7.tgz?cache=0&sync_timestamp=1614614419136&other_urls=https%3A%2F%2Fregistry.npm.taobao.org%2F%40vue%2Fcompiler-ssr%2Fdownload%2F%40vue%2Fcompiler-ssr-3.0.7.tgz"
  "version" "3.0.7"
  dependencies:
    "@vue/compiler-dom" "3.0.7"
    "@vue/shared" "3.0.7"

"@vue/reactivity@3.0.7":
  "integrity" "sha1-5szHvvf8ELCXLk2XS61xZ507Jq0="
  "resolved" "https://registry.npm.taobao.org/@vue/reactivity/download/@vue/reactivity-3.0.7.tgz?cache=0&sync_timestamp=1614614417139&other_urls=https%3A%2F%2Fregistry.npm.taobao.org%2F%40vue%2Freactivity%2Fdownload%2F%40vue%2Freactivity-3.0.7.tgz"
  "version" "3.0.7"
  dependencies:
    "@vue/shared" "3.0.7"

"@vue/runtime-core@3.0.7":
  "integrity" "sha1-1EwLClfX45KRKoc2KkQwzPRG7Oo="
  "resolved" "https://registry.npm.taobao.org/@vue/runtime-core/download/@vue/runtime-core-3.0.7.tgz?cache=0&sync_timestamp=1614614422248&other_urls=https%3A%2F%2Fregistry.npm.taobao.org%2F%40vue%2Fruntime-core%2Fdownload%2F%40vue%2Fruntime-core-3.0.7.tgz"
  "version" "3.0.7"
  dependencies:
    "@vue/reactivity" "3.0.7"
    "@vue/shared" "3.0.7"

"@vue/runtime-dom@3.0.7":
  "integrity" "sha1-twZo1ykCC8StYIwgNnIj8llXa6Y="
  "resolved" "https://registry.npm.taobao.org/@vue/runtime-dom/download/@vue/runtime-dom-3.0.7.tgz?cache=0&sync_timestamp=1614614426023&other_urls=https%3A%2F%2Fregistry.npm.taobao.org%2F%40vue%2Fruntime-dom%2Fdownload%2F%40vue%2Fruntime-dom-3.0.7.tgz"
  "version" "3.0.7"
  dependencies:
    "@vue/runtime-core" "3.0.7"
    "@vue/shared" "3.0.7"
    "csstype" "^2.6.8"

"@vue/shared@3.0.7":
  "integrity" "sha1-ltUpiO/AdETBCMfGgDunzJPkAEU="
  "resolved" "https://registry.npm.taobao.org/@vue/shared/download/@vue/shared-3.0.7.tgz?cache=0&sync_timestamp=1614614419935&other_urls=https%3A%2F%2Fregistry.npm.taobao.org%2F%40vue%2Fshared%2Fdownload%2F%40vue%2Fshared-3.0.7.tgz"
  "version" "3.0.7"

"ansi-regex@^4.1.0":
  "integrity" "sha1-i5+PCM8ay4Q3Vqg5yox+MWjFGZc="
  "resolved" "https://registry.npm.taobao.org/ansi-regex/download/ansi-regex-4.1.0.tgz"
  "version" "4.1.0"

"ansi-styles@^3.2.0", "ansi-styles@^3.2.1":
  "integrity" "sha1-QfuyAkPlCxK+DwS43tvwdSDOhB0="
  "resolved" "https://registry.npm.taobao.org/ansi-styles/download/ansi-styles-3.2.1.tgz?cache=0&sync_timestamp=1611325836307&other_urls=https%3A%2F%2Fregistry.npm.taobao.org%2Fansi-styles%2Fdownload%2Fansi-styles-3.2.1.tgz"
  "version" "3.2.1"
  dependencies:
    "color-convert" "^1.9.0"

"anymatch@~3.1.1":
  "integrity" "sha1-xV7PAhheJGklk5kxDBc84xIzsUI="
  "resolved" "https://registry.npm.taobao.org/anymatch/download/anymatch-3.1.1.tgz"
  "version" "3.1.1"
  dependencies:
    "normalize-path" "^3.0.0"
    "picomatch" "^2.0.4"

"apite@^1.2.2":
  "integrity" "sha1-r4hhcHiTjyvWU8CcrHC8CwDQTI8="
  "resolved" "https://registry.npm.taobao.org/apite/download/apite-1.2.2.tgz"
  "version" "1.2.2"

"async-validator@^3.4.0":
  "integrity" "sha1-zWK5aIskZfSEIOJ620d2CrG1VZ8="
  "resolved" "https://registry.npm.taobao.org/async-validator/download/async-validator-3.5.1.tgz?cache=0&sync_timestamp=1605751734916&other_urls=https%3A%2F%2Fregistry.npm.taobao.org%2Fasync-validator%2Fdownload%2Fasync-validator-3.5.1.tgz"
  "version" "3.5.1"

"axios@*", "axios@^0.21.1":
  "integrity" "sha1-IlY0gZYvTWvemnbVFu8OXTwJsrg="
  "resolved" "https://registry.npm.taobao.org/axios/download/axios-0.21.1.tgz"
  "version" "0.21.1"
  dependencies:
    "follow-redirects" "^1.10.0"

"big.js@^5.2.2":
  "integrity" "sha1-ZfCvOC9Xi83HQr2cKB6cstd2gyg="
  "resolved" "https://registry.npm.taobao.org/big.js/download/big.js-5.2.2.tgz"
  "version" "5.2.2"

"binary-extensions@^2.0.0":
  "integrity" "sha1-dfUC7q+f/eQvyYgpZFvk6na9ni0="
  "resolved" "https://registry.npm.taobao.org/binary-extensions/download/binary-extensions-2.2.0.tgz?cache=0&sync_timestamp=1610299322955&other_urls=https%3A%2F%2Fregistry.npm.taobao.org%2Fbinary-extensions%2Fdownload%2Fbinary-extensions-2.2.0.tgz"
  "version" "2.2.0"

"bluebird@^3.7.2":
  "integrity" "sha1-nyKcFb4nJFT/qXOs4NvueaGww28="
  "resolved" "https://registry.npm.taobao.org/bluebird/download/bluebird-3.7.2.tgz"
  "version" "3.7.2"

"braces@~3.0.2":
  "integrity" "sha1-NFThpGLujVmeI23zNs2epPiv4Qc="
  "resolved" "https://registry.npm.taobao.org/braces/download/braces-3.0.2.tgz"
  "version" "3.0.2"
  dependencies:
    "fill-range" "^7.0.1"

"camelcase@^5.0.0":
  "integrity" "sha1-48mzFWnhBoEd8kL3FXJaH0xJQyA="
  "resolved" "https://registry.npm.taobao.org/camelcase/download/camelcase-5.3.1.tgz?cache=0&sync_timestamp=1603921787305&other_urls=https%3A%2F%2Fregistry.npm.taobao.org%2Fcamelcase%2Fdownload%2Fcamelcase-5.3.1.tgz"
  "version" "5.3.1"

"chalk@^2.4.2":
  "integrity" "sha1-zUJUFnelQzPPVBpJEIwUMrRMlCQ="
  "resolved" "https://registry.npm.taobao.org/chalk/download/chalk-2.4.2.tgz?cache=0&sync_timestamp=1591687042638&other_urls=https%3A%2F%2Fregistry.npm.taobao.org%2Fchalk%2Fdownload%2Fchalk-2.4.2.tgz"
  "version" "2.4.2"
  dependencies:
    "ansi-styles" "^3.2.1"
    "escape-string-regexp" "^1.0.5"
    "supports-color" "^5.3.0"

"chokidar@>=2.0.0 <4.0.0":
  "integrity" "sha1-7pznu+vSt59J8wR5nVRo4x4U5oo="
  "resolved" "https://registry.npm.taobao.org/chokidar/download/chokidar-3.5.1.tgz?cache=0&sync_timestamp=1610719375974&other_urls=https%3A%2F%2Fregistry.npm.taobao.org%2Fchokidar%2Fdownload%2Fchokidar-3.5.1.tgz"
  "version" "3.5.1"
  dependencies:
    "anymatch" "~3.1.1"
    "braces" "~3.0.2"
    "glob-parent" "~5.1.0"
    "is-binary-path" "~2.1.0"
    "is-glob" "~4.0.1"
    "normalize-path" "~3.0.0"
    "readdirp" "~3.5.0"
  optionalDependencies:
    "fsevents" "~2.3.1"

"clipboard@^2.0.7":
  "integrity" "sha1-2pJ/gXsYWUJt85ISrIH+sH266tw="
  "resolved" "https://registry.npm.taobao.org/clipboard/download/clipboard-2.0.7.tgz?cache=0&sync_timestamp=1615037440543&other_urls=https%3A%2F%2Fregistry.npm.taobao.org%2Fclipboard%2Fdownload%2Fclipboard-2.0.7.tgz"
  "version" "2.0.7"
  dependencies:
    "good-listener" "^1.2.2"
    "select" "^1.1.2"
    "tiny-emitter" "^2.0.0"

"cliui@^5.0.0":
  "integrity" "sha1-3u/P2y6AB4SqNPRvoI4GhRx7u8U="
  "resolved" "https://registry.npm.taobao.org/cliui/download/cliui-5.0.0.tgz"
  "version" "5.0.0"
  dependencies:
    "string-width" "^3.1.0"
    "strip-ansi" "^5.2.0"
    "wrap-ansi" "^5.1.0"

"color-convert@^1.9.0":
  "integrity" "sha1-u3GFBpDh8TZWfeYp0tVHHe2kweg="
  "resolved" "https://registry.npm.taobao.org/color-convert/download/color-convert-1.9.3.tgz"
  "version" "1.9.3"
  dependencies:
    "color-name" "1.1.3"

"color-name@1.1.3":
  "integrity" "sha1-p9BVi9icQveV3UIyj3QIMcpTvCU="
  "resolved" "https://registry.npm.taobao.org/color-name/download/color-name-1.1.3.tgz"
  "version" "1.1.3"

"colorette@^1.2.2":
  "integrity" "sha1-y8x51emcrqLb8Q6zom/Ys+as+pQ="
  "resolved" "https://registry.npm.taobao.org/colorette/download/colorette-1.2.2.tgz?cache=0&sync_timestamp=1614259647923&other_urls=https%3A%2F%2Fregistry.npm.taobao.org%2Fcolorette%2Fdownload%2Fcolorette-1.2.2.tgz"
  "version" "1.2.2"

"concurrently@^5.3.0":
  "integrity" "sha1-dQDeZBDQQ8kSston3jICy0ibHns="
  "resolved" "https://registry.npm.taobao.org/concurrently/download/concurrently-5.3.0.tgz?cache=0&sync_timestamp=1613817600385&other_urls=https%3A%2F%2Fregistry.npm.taobao.org%2Fconcurrently%2Fdownload%2Fconcurrently-5.3.0.tgz"
  "version" "5.3.0"
  dependencies:
    "chalk" "^2.4.2"
    "date-fns" "^2.0.1"
    "lodash" "^4.17.15"
    "read-pkg" "^4.0.1"
    "rxjs" "^6.5.2"
    "spawn-command" "^0.0.2-1"
    "supports-color" "^6.1.0"
    "tree-kill" "^1.2.2"
    "yargs" "^13.3.0"

"consolidate@^0.16.0":
  "integrity" "sha1-oRhkdokw8vGUMWYKZZBmaPX73BY="
  "resolved" "https://registry.npm.taobao.org/consolidate/download/consolidate-0.16.0.tgz?cache=0&sync_timestamp=1599596654038&other_urls=https%3A%2F%2Fregistry.npm.taobao.org%2Fconsolidate%2Fdownload%2Fconsolidate-0.16.0.tgz"
  "version" "0.16.0"
  dependencies:
    "bluebird" "^3.7.2"

"core-js-pure@^3.0.0":
  "integrity" "sha1-Z3syImcXK9SQ5EZGlveQy8NVvsU="
  "resolved" "https://registry.npm.taobao.org/core-js-pure/download/core-js-pure-3.9.1.tgz?cache=0&sync_timestamp=1614537261976&other_urls=https%3A%2F%2Fregistry.npm.taobao.org%2Fcore-js-pure%2Fdownload%2Fcore-js-pure-3.9.1.tgz"
  "version" "3.9.1"

"countup.js@^2.0.7":
  "integrity" "sha1-Vrcqh/wO48rbODVsJGzKyI+wqMw="
  "resolved" "https://registry.npm.taobao.org/countup.js/download/countup.js-2.0.7.tgz"
  "version" "2.0.7"

"cropperjs@^1.5.11":
  "integrity" "sha1-UCrm2MoJixJN5oE2AcynABWHn8A="
  "resolved" "https://registry.npm.taobao.org/cropperjs/download/cropperjs-1.5.11.tgz"
  "version" "1.5.11"

"cssesc@^3.0.0":
  "integrity" "sha1-N3QZGZA7hoVl4cCep0dEXNGJg+4="
  "resolved" "https://registry.npm.taobao.org/cssesc/download/cssesc-3.0.0.tgz"
  "version" "3.0.0"

"csstype@^2.6.8":
  "integrity" "sha1-VE1p9UcBO4WkDRW/912zjzT+nDk="
  "resolved" "https://registry.npm.taobao.org/csstype/download/csstype-2.6.16.tgz"
  "version" "2.6.16"

"date-fns@^2.0.1":
  "integrity" "sha1-ZRkzSGNaKNXZFsQ+x85vvRRQWeE="
  "resolved" "https://registry.npm.taobao.org/date-fns/download/date-fns-2.19.0.tgz"
  "version" "2.19.0"

"dayjs@1.x":
  "integrity" "sha1-jlRKm4aD9heD9XCYCoqA6vVKseI="
  "resolved" "https://registry.npm.taobao.org/dayjs/download/dayjs-1.10.4.tgz"
  "version" "1.10.4"

"decamelize@^1.2.0":
  "integrity" "sha1-9lNNFRSCabIDUue+4m9QH5oZEpA="
  "resolved" "https://registry.npm.taobao.org/decamelize/download/decamelize-1.2.0.tgz?cache=0&sync_timestamp=1610348670939&other_urls=https%3A%2F%2Fregistry.npm.taobao.org%2Fdecamelize%2Fdownload%2Fdecamelize-1.2.0.tgz"
  "version" "1.2.0"

"delegate@^3.1.2":
  "integrity" "sha1-tmtxwxWFIuirV0T3INjKDCr1kWY="
  "resolved" "https://registry.npm.taobao.org/delegate/download/delegate-3.2.0.tgz"
  "version" "3.2.0"

"dotenv@^8.2.0":
  "integrity" "sha1-l+YZJZradQ7qPk6j4mvO6lQksWo="
  "resolved" "https://registry.npm.taobao.org/dotenv/download/dotenv-8.2.0.tgz?cache=0&sync_timestamp=1571190696472&other_urls=https%3A%2F%2Fregistry.npm.taobao.org%2Fdotenv%2Fdownload%2Fdotenv-8.2.0.tgz"
  "version" "8.2.0"

"echarts-wordcloud@^2.0.0":
  "integrity" "sha1-Uu+BeJWAH/6emd0brKt2hrLewEo="
  "resolved" "https://registry.npm.taobao.org/echarts-wordcloud/download/echarts-wordcloud-2.0.0.tgz?cache=0&sync_timestamp=1610779172014&other_urls=https%3A%2F%2Fregistry.npm.taobao.org%2Fecharts-wordcloud%2Fdownload%2Fecharts-wordcloud-2.0.0.tgz"
  "version" "2.0.0"

"echarts@^5.0.2":
  "integrity" "sha1-FybRelfPBdYs0FZ7QyXhIBpWuvY="
  "resolved" "https://registry.npm.taobao.org/echarts/download/echarts-5.0.2.tgz?cache=0&sync_timestamp=1612592682359&other_urls=https%3A%2F%2Fregistry.npm.taobao.org%2Fecharts%2Fdownload%2Fecharts-5.0.2.tgz"
  "version" "5.0.2"
  dependencies:
    "tslib" "2.0.3"
    "zrender" "5.0.4"

"element-plus@^1.0.2-beta.33":
  "integrity" "sha1-DpJMiHLbwU6RbtXWRS2XmbBNTGA="
  "resolved" "https://registry.npm.taobao.org/element-plus/download/element-plus-1.0.2-beta.33.tgz?cache=0&sync_timestamp=1614748407727&other_urls=https%3A%2F%2Fregistry.npm.taobao.org%2Felement-plus%2Fdownload%2Felement-plus-1.0.2-beta.33.tgz"
  "version" "1.0.2-beta.33"
  dependencies:
    "@popperjs/core" "^2.4.4"
    "async-validator" "^3.4.0"
    "dayjs" "1.x"
    "lodash" "^4.17.20"
    "mitt" "^2.1.0"
    "normalize-wheel" "^1.0.1"
    "resize-observer-polyfill" "^1.5.1"

"emoji-regex@^7.0.1":
  "integrity" "sha1-kzoEBShgyF6DwSJHnEdIqOTHIVY="
  "resolved" "https://registry.npm.taobao.org/emoji-regex/download/emoji-regex-7.0.3.tgz?cache=0&sync_timestamp=1614682725186&other_urls=https%3A%2F%2Fregistry.npm.taobao.org%2Femoji-regex%2Fdownload%2Femoji-regex-7.0.3.tgz"
  "version" "7.0.3"

"emojis-list@^3.0.0":
  "integrity" "sha1-VXBmIEatKeLpFucariYKvf9Pang="
  "resolved" "https://registry.npm.taobao.org/emojis-list/download/emojis-list-3.0.0.tgz"
  "version" "3.0.0"

"error-ex@^1.3.1":
  "integrity" "sha1-tKxAZIEH/c3PriQvQovqihTU8b8="
  "resolved" "https://registry.npm.taobao.org/error-ex/download/error-ex-1.3.2.tgz"
  "version" "1.3.2"
  dependencies:
    "is-arrayish" "^0.2.1"

"esbuild@^0.8.52":
  "integrity" "sha1-pC0CvCtXxwvNDviX/iRHZrtt2SY="
  "resolved" "https://registry.npm.taobao.org/esbuild/download/esbuild-0.8.57.tgz"
  "version" "0.8.57"

"escape-string-regexp@^1.0.5":
  "integrity" "sha1-G2HAViGQqN/2rjuyzwIAyhMLhtQ="
  "resolved" "https://registry.npm.taobao.org/escape-string-regexp/download/escape-string-regexp-1.0.5.tgz?cache=0&other_urls=https%3A%2F%2Fregistry.npm.taobao.org%2Fescape-string-regexp%2Fdownload%2Fescape-string-regexp-1.0.5.tgz"
  "version" "1.0.5"

"estree-walker@^2.0.1":
  "integrity" "sha1-UvAQF4wqTBF6d1fP6UKtt9LaTKw="
  "resolved" "https://registry.npm.taobao.org/estree-walker/download/estree-walker-2.0.2.tgz"
  "version" "2.0.2"

"fill-range@^7.0.1":
  "integrity" "sha1-GRmmp8df44ssfHflGYU12prN2kA="
  "resolved" "https://registry.npm.taobao.org/fill-range/download/fill-range-7.0.1.tgz"
  "version" "7.0.1"
  dependencies:
    "to-regex-range" "^5.0.1"

"find-up@^3.0.0":
  "integrity" "sha1-SRafHXmTQwZG2mHsxa41XCHJe3M="
  "resolved" "https://registry.npm.taobao.org/find-up/download/find-up-3.0.0.tgz?cache=0&sync_timestamp=1597170240264&other_urls=https%3A%2F%2Fregistry.npm.taobao.org%2Ffind-up%2Fdownload%2Ffind-up-3.0.0.tgz"
  "version" "3.0.0"
  dependencies:
    "locate-path" "^3.0.0"

"follow-redirects@^1.10.0":
  "integrity" "sha1-5VmK1QF0wbxOhyMB6CrCzZf5Amc="
  "resolved" "https://registry.npm.taobao.org/follow-redirects/download/follow-redirects-1.13.3.tgz"
  "version" "1.13.3"

"fsevents@~2.3.1":
  "integrity" "sha1-ilJveLj99GI7cJ4Ll1xSwkwC/Ro="
  "resolved" "https://registry.npm.taobao.org/fsevents/download/fsevents-2.3.2.tgz?cache=0&sync_timestamp=1612536422255&other_urls=https%3A%2F%2Fregistry.npm.taobao.org%2Ffsevents%2Fdownload%2Ffsevents-2.3.2.tgz"
  "version" "2.3.2"

"function-bind@^1.1.1":
  "integrity" "sha1-pWiZ0+o8m6uHS7l3O3xe3pL0iV0="
  "resolved" "https://registry.npm.taobao.org/function-bind/download/function-bind-1.1.1.tgz"
  "version" "1.1.1"

"generic-names@^2.0.1":
  "integrity" "sha1-+KN46tLMqno08DF7BVVIMq5BuHI="
  "resolved" "https://registry.npm.taobao.org/generic-names/download/generic-names-2.0.1.tgz?cache=0&sync_timestamp=1603542242727&other_urls=https%3A%2F%2Fregistry.npm.taobao.org%2Fgeneric-names%2Fdownload%2Fgeneric-names-2.0.1.tgz"
  "version" "2.0.1"
  dependencies:
    "loader-utils" "^1.1.0"

"get-caller-file@^2.0.1":
  "integrity" "sha1-T5RBKoLbMvNuOwuXQfipf+sDH34="
  "resolved" "https://registry.npm.taobao.org/get-caller-file/download/get-caller-file-2.0.5.tgz"
  "version" "2.0.5"

"glob-parent@~5.1.0":
  "integrity" "sha1-hpgyxYA0/mikCTwX3BXoNA2EAcQ="
  "resolved" "https://registry.npm.taobao.org/glob-parent/download/glob-parent-5.1.2.tgz"
  "version" "5.1.2"
  dependencies:
    "is-glob" "^4.0.1"

"good-listener@^1.2.2":
  "integrity" "sha1-1TswzfkxPf+33JoNR3CWqm0UXFA="
  "resolved" "https://registry.npm.taobao.org/good-listener/download/good-listener-1.2.2.tgz"
  "version" "1.2.2"
  dependencies:
    "delegate" "^3.1.2"

"has-flag@^3.0.0":
  "integrity" "sha1-tdRU3CGZriJWmfNGfloH87lVuv0="
  "resolved" "https://registry.npm.taobao.org/has-flag/download/has-flag-3.0.0.tgz"
  "version" "3.0.0"

"has@^1.0.3":
  "integrity" "sha1-ci18v8H2qoJB8W3YFOAR4fQeh5Y="
  "resolved" "https://registry.npm.taobao.org/has/download/has-1.0.3.tgz"
  "version" "1.0.3"
  dependencies:
    "function-bind" "^1.1.1"

"hash-sum@^2.0.0":
  "integrity" "sha1-gdAbtd6OpKIUrV1urRtSNGCwtFo="
  "resolved" "https://registry.npm.taobao.org/hash-sum/download/hash-sum-2.0.0.tgz"
  "version" "2.0.0"

"hosted-git-info@^2.1.4":
  "integrity" "sha1-dTm9S8Hg4KiVgVouAmJCCxKFhIg="
  "resolved" "https://registry.npm.taobao.org/hosted-git-info/download/hosted-git-info-2.8.8.tgz"
  "version" "2.8.8"

"icss-replace-symbols@^1.1.0":
  "integrity" "sha1-Bupvg2ead0njhs/h/oEq5dsiPe0="
  "resolved" "https://registry.npm.taobao.org/icss-replace-symbols/download/icss-replace-symbols-1.1.0.tgz"
  "version" "1.1.0"

"icss-utils@^5.0.0":
  "integrity" "sha1-xr5oWKvQE9do6YNmrkfiXViHsa4="
  "resolved" "https://registry.npm.taobao.org/icss-utils/download/icss-utils-5.1.0.tgz?cache=0&sync_timestamp=1605801266348&other_urls=https%3A%2F%2Fregistry.npm.taobao.org%2Ficss-utils%2Fdownload%2Ficss-utils-5.1.0.tgz"
  "version" "5.1.0"

"indexes-of@^1.0.1":
  "integrity" "sha1-8w9xbI4r00bHtn0985FVZqfAVgc="
  "resolved" "https://registry.npm.taobao.org/indexes-of/download/indexes-of-1.0.1.tgz"
  "version" "1.0.1"

"is-arrayish@^0.2.1":
  "integrity" "sha1-d8mYQFJ6qOyxqLppe4BkWnqSap0="
  "resolved" "https://registry.npm.taobao.org/is-arrayish/download/is-arrayish-0.2.1.tgz"
  "version" "0.2.1"

"is-binary-path@~2.1.0":
  "integrity" "sha1-6h9/O4DwZCNug0cPhsCcJU+0Wwk="
  "resolved" "https://registry.npm.taobao.org/is-binary-path/download/is-binary-path-2.1.0.tgz"
  "version" "2.1.0"
  dependencies:
    "binary-extensions" "^2.0.0"

"is-core-module@^2.2.0":
  "integrity" "sha1-lwN+89UiJNhRY/VZeytj2a/tmBo="
  "resolved" "https://registry.npm.taobao.org/is-core-module/download/is-core-module-2.2.0.tgz?cache=0&sync_timestamp=1606411621990&other_urls=https%3A%2F%2Fregistry.npm.taobao.org%2Fis-core-module%2Fdownload%2Fis-core-module-2.2.0.tgz"
  "version" "2.2.0"
  dependencies:
    "has" "^1.0.3"

"is-extglob@^2.1.1":
  "integrity" "sha1-qIwCU1eR8C7TfHahueqXc8gz+MI="
  "resolved" "https://registry.npm.taobao.org/is-extglob/download/is-extglob-2.1.1.tgz"
  "version" "2.1.1"

"is-fullwidth-code-point@^2.0.0":
  "integrity" "sha1-o7MKXE8ZkYMWeqq5O+764937ZU8="
  "resolved" "https://registry.npm.taobao.org/is-fullwidth-code-point/download/is-fullwidth-code-point-2.0.0.tgz"
  "version" "2.0.0"

"is-glob@^4.0.1", "is-glob@~4.0.1":
  "integrity" "sha1-dWfb6fL14kZ7x3q4PEopSCQHpdw="
  "resolved" "https://registry.npm.taobao.org/is-glob/download/is-glob-4.0.1.tgz"
  "version" "4.0.1"
  dependencies:
    "is-extglob" "^2.1.1"

"is-number@^7.0.0":
  "integrity" "sha1-dTU0W4lnNNX4DE0GxQlVUnoU8Ss="
  "resolved" "https://registry.npm.taobao.org/is-number/download/is-number-7.0.0.tgz"
  "version" "7.0.0"

"json-parse-better-errors@^1.0.1":
  "integrity" "sha1-u4Z8+zRQ5pEHwTHRxRS6s9yLyqk="
  "resolved" "https://registry.npm.taobao.org/json-parse-better-errors/download/json-parse-better-errors-1.0.2.tgz"
  "version" "1.0.2"

"json5@^1.0.1":
  "integrity" "sha1-d5+wAYYE+oVOrL9iUhgNg1Q+Pb4="
  "resolved" "https://registry.npm.taobao.org/json5/download/json5-1.0.1.tgz"
  "version" "1.0.1"
  dependencies:
    "minimist" "^1.2.0"

"klona@^2.0.4":
  "integrity" "sha1-e7Hjr/sMuGJFR+9+j2cI6i4538A="
  "resolved" "https://registry.npm.taobao.org/klona/download/klona-2.0.4.tgz?cache=0&sync_timestamp=1600226608126&other_urls=https%3A%2F%2Fregistry.npm.taobao.org%2Fklona%2Fdownload%2Fklona-2.0.4.tgz"
  "version" "2.0.4"

"loader-utils@^1.1.0":
  "integrity" "sha1-xXm140yzSxp07cbB+za/o3HVphM="
  "resolved" "https://registry.npm.taobao.org/loader-utils/download/loader-utils-1.4.0.tgz?cache=0&sync_timestamp=1584445207623&other_urls=https%3A%2F%2Fregistry.npm.taobao.org%2Floader-utils%2Fdownload%2Floader-utils-1.4.0.tgz"
  "version" "1.4.0"
  dependencies:
    "big.js" "^5.2.2"
    "emojis-list" "^3.0.0"
    "json5" "^1.0.1"

"locate-path@^3.0.0":
  "integrity" "sha1-2+w7OrdZdYBxtY/ln8QYca8hQA4="
  "resolved" "https://registry.npm.taobao.org/locate-path/download/locate-path-3.0.0.tgz?cache=0&sync_timestamp=1597082033698&other_urls=https%3A%2F%2Fregistry.npm.taobao.org%2Flocate-path%2Fdownload%2Flocate-path-3.0.0.tgz"
  "version" "3.0.0"
  dependencies:
    "p-locate" "^3.0.0"
    "path-exists" "^3.0.0"

"lodash.camelcase@^4.3.0":
  "integrity" "sha1-soqmKIorn8ZRA1x3EfZathkDMaY="
  "resolved" "https://registry.npm.taobao.org/lodash.camelcase/download/lodash.camelcase-4.3.0.tgz"
  "version" "4.3.0"

"lodash@^4.17.15", "lodash@^4.17.19", "lodash@^4.17.20", "lodash@^4.17.21":
  "integrity" "sha1-Z5WRxWTDv/quhFTPCz3zcMPWkRw="
  "resolved" "https://registry.npm.taobao.org/lodash/download/lodash-4.17.21.tgz"
  "version" "4.17.21"

"lru-cache@^5.1.1":
  "integrity" "sha1-HaJ+ZxAnGUdpXa9oSOhH8B2EuSA="
  "resolved" "https://registry.npm.taobao.org/lru-cache/download/lru-cache-5.1.1.tgz?cache=0&sync_timestamp=1594427519396&other_urls=https%3A%2F%2Fregistry.npm.taobao.org%2Flru-cache%2Fdownload%2Flru-cache-5.1.1.tgz"
  "version" "5.1.1"
  dependencies:
    "yallist" "^3.0.2"

"magic-string@^0.25.7":
  "integrity" "sha1-P0l9b9NMZpxnmNy4IfLvMfVEUFE="
  "resolved" "https://registry.npm.taobao.org/magic-string/download/magic-string-0.25.7.tgz"
  "version" "0.25.7"
  dependencies:
    "sourcemap-codec" "^1.4.4"

"merge-source-map@^1.1.0":
  "integrity" "sha1-L93n5gIJOfcJBqaPLXrmheTIxkY="
  "resolved" "https://registry.npm.taobao.org/merge-source-map/download/merge-source-map-1.1.0.tgz"
  "version" "1.1.0"
  dependencies:
    "source-map" "^0.6.1"

"minimist@^1.2.0":
  "integrity" "sha1-Z9ZgFLZqaoqqDAg8X9WN9OTpdgI="
  "resolved" "https://registry.npm.taobao.org/minimist/download/minimist-1.2.5.tgz?cache=0&sync_timestamp=1584051509720&other_urls=https%3A%2F%2Fregistry.npm.taobao.org%2Fminimist%2Fdownload%2Fminimist-1.2.5.tgz"
  "version" "1.2.5"

"mitt@^2.1.0":
  "integrity" "sha1-90BXfCMXbGIFsSGylzUU6t4bIjA="
  "resolved" "https://registry.npm.taobao.org/mitt/download/mitt-2.1.0.tgz?cache=0&sync_timestamp=1594823602623&other_urls=https%3A%2F%2Fregistry.npm.taobao.org%2Fmitt%2Fdownload%2Fmitt-2.1.0.tgz"
  "version" "2.1.0"

"nanoid@^3.1.20":
  "integrity" "sha1-utwmPGsdzxS3HvqoX2q0wdbPx4g="
  "resolved" "https://registry.npm.taobao.org/nanoid/download/nanoid-3.1.20.tgz"
  "version" "3.1.20"

"neo-async@^2.6.2":
  "integrity" "sha1-tKr7k+OustgXTKU88WOrfXMIMF8="
  "resolved" "https://registry.npm.taobao.org/neo-async/download/neo-async-2.6.2.tgz"
  "version" "2.6.2"

"normalize-package-data@^2.3.2":
  "integrity" "sha1-5m2xg4sgDB38IzIl0SyzZSDiNKg="
  "resolved" "https://registry.npm.taobao.org/normalize-package-data/download/normalize-package-data-2.5.0.tgz?cache=0&sync_timestamp=1615315319292&other_urls=https%3A%2F%2Fregistry.npm.taobao.org%2Fnormalize-package-data%2Fdownload%2Fnormalize-package-data-2.5.0.tgz"
  "version" "2.5.0"
  dependencies:
    "hosted-git-info" "^2.1.4"
    "resolve" "^1.10.0"
    "semver" "2 || 3 || 4 || 5"
    "validate-npm-package-license" "^3.0.1"

"normalize-path@^3.0.0", "normalize-path@~3.0.0":
  "integrity" "sha1-Dc1p/yOhybEf0JeDFmRKA4ghamU="
  "resolved" "https://registry.npm.taobao.org/normalize-path/download/normalize-path-3.0.0.tgz"
  "version" "3.0.0"

"normalize-wheel@^1.0.1":
  "integrity" "sha1-rsiGr/2wRQcNhWRH32Ls+GFG7EU="
  "resolved" "https://registry.npm.taobao.org/normalize-wheel/download/normalize-wheel-1.0.1.tgz"
  "version" "1.0.1"

"nprogress@^0.2.0":
  "integrity" "sha1-y480xTIT2JVyP8urkH6UIq28r7E="
  "resolved" "https://registry.npm.taobao.org/nprogress/download/nprogress-0.2.0.tgz?cache=0&other_urls=https%3A%2F%2Fregistry.npm.taobao.org%2Fnprogress%2Fdownload%2Fnprogress-0.2.0.tgz"
  "version" "0.2.0"

"p-limit@^2.0.0":
  "integrity" "sha1-PdM8ZHohT9//2DWTPrCG2g3CHbE="
  "resolved" "https://registry.npm.taobao.org/p-limit/download/p-limit-2.3.0.tgz?cache=0&sync_timestamp=1606288333421&other_urls=https%3A%2F%2Fregistry.npm.taobao.org%2Fp-limit%2Fdownload%2Fp-limit-2.3.0.tgz"
  "version" "2.3.0"
  dependencies:
    "p-try" "^2.0.0"

"p-locate@^3.0.0":
  "integrity" "sha1-Mi1poFwCZLJZl9n0DNiokasAZKQ="
  "resolved" "https://registry.npm.taobao.org/p-locate/download/p-locate-3.0.0.tgz?cache=0&sync_timestamp=1597081369770&other_urls=https%3A%2F%2Fregistry.npm.taobao.org%2Fp-locate%2Fdownload%2Fp-locate-3.0.0.tgz"
  "version" "3.0.0"
  dependencies:
    "p-limit" "^2.0.0"

"p-try@^2.0.0":
  "integrity" "sha1-yyhoVA4xPWHeWPr741zpAE1VQOY="
  "resolved" "https://registry.npm.taobao.org/p-try/download/p-try-2.2.0.tgz"
  "version" "2.2.0"

"parse-json@^4.0.0":
  "integrity" "sha1-vjX1Qlvh9/bHRxhPmKeIy5lHfuA="
  "resolved" "https://registry.npm.taobao.org/parse-json/download/parse-json-4.0.0.tgz?cache=0&sync_timestamp=1610966667117&other_urls=https%3A%2F%2Fregistry.npm.taobao.org%2Fparse-json%2Fdownload%2Fparse-json-4.0.0.tgz"
  "version" "4.0.0"
  dependencies:
    "error-ex" "^1.3.1"
    "json-parse-better-errors" "^1.0.1"

"path-exists@^3.0.0":
  "integrity" "sha1-zg6+ql94yxiSXqfYENe1mwEP1RU="
  "resolved" "https://registry.npm.taobao.org/path-exists/download/path-exists-3.0.0.tgz"
  "version" "3.0.0"

"path-parse@^1.0.6":
  "integrity" "sha1-1i27VnlAXXLEc37FhgDp3c8G0kw="
  "resolved" "https://registry.npm.taobao.org/path-parse/download/path-parse-1.0.6.tgz"
  "version" "1.0.6"

"picomatch@^2.0.4", "picomatch@^2.2.1":
  "integrity" "sha1-IfMz6ba46v8CRo9RRupAbTRfTa0="
  "resolved" "https://registry.npm.taobao.org/picomatch/download/picomatch-2.2.2.tgz"
  "version" "2.2.2"

"pify@^3.0.0":
  "integrity" "sha1-5aSs0sEB/fPZpNB/DbxNtJ3SgXY="
  "resolved" "https://registry.npm.taobao.org/pify/download/pify-3.0.0.tgz"
  "version" "3.0.0"

"postcss-modules-extract-imports@^3.0.0":
  "integrity" "sha1-zaHwR8CugMl9vijD52pDuIAldB0="
  "resolved" "https://registry.npm.taobao.org/postcss-modules-extract-imports/download/postcss-modules-extract-imports-3.0.0.tgz?cache=0&sync_timestamp=1602588238811&other_urls=https%3A%2F%2Fregistry.npm.taobao.org%2Fpostcss-modules-extract-imports%2Fdownload%2Fpostcss-modules-extract-imports-3.0.0.tgz"
  "version" "3.0.0"

"postcss-modules-local-by-default@^4.0.0":
  "integrity" "sha1-67tU+uFZjuz99pGgKz/zs5ClpRw="
  "resolved" "https://registry.npm.taobao.org/postcss-modules-local-by-default/download/postcss-modules-local-by-default-4.0.0.tgz?cache=0&sync_timestamp=1602587682123&other_urls=https%3A%2F%2Fregistry.npm.taobao.org%2Fpostcss-modules-local-by-default%2Fdownload%2Fpostcss-modules-local-by-default-4.0.0.tgz"
  "version" "4.0.0"
  dependencies:
    "icss-utils" "^5.0.0"
    "postcss-selector-parser" "^6.0.2"
    "postcss-value-parser" "^4.1.0"

"postcss-modules-scope@^3.0.0":
  "integrity" "sha1-nvMVFFbTu/oSDKRImN/Kby+gHwY="
  "resolved" "https://registry.npm.taobao.org/postcss-modules-scope/download/postcss-modules-scope-3.0.0.tgz?cache=0&sync_timestamp=1602593225142&other_urls=https%3A%2F%2Fregistry.npm.taobao.org%2Fpostcss-modules-scope%2Fdownload%2Fpostcss-modules-scope-3.0.0.tgz"
  "version" "3.0.0"
  dependencies:
    "postcss-selector-parser" "^6.0.4"

"postcss-modules-values@^4.0.0":
  "integrity" "sha1-18Xn5ow7s8myfL9Iyguz/7RgLJw="
  "resolved" "https://registry.npm.taobao.org/postcss-modules-values/download/postcss-modules-values-4.0.0.tgz?cache=0&sync_timestamp=1602586248938&other_urls=https%3A%2F%2Fregistry.npm.taobao.org%2Fpostcss-modules-values%2Fdownload%2Fpostcss-modules-values-4.0.0.tgz"
  "version" "4.0.0"
  dependencies:
    "icss-utils" "^5.0.0"

"postcss-modules@^4.0.0":
  "integrity" "sha1-K8fydquI8/Gw+t9svXdy1DtfO5s="
  "resolved" "https://registry.npm.taobao.org/postcss-modules/download/postcss-modules-4.0.0.tgz"
  "version" "4.0.0"
  dependencies:
    "generic-names" "^2.0.1"
    "icss-replace-symbols" "^1.1.0"
    "lodash.camelcase" "^4.3.0"
    "postcss-modules-extract-imports" "^3.0.0"
    "postcss-modules-local-by-default" "^4.0.0"
    "postcss-modules-scope" "^3.0.0"
    "postcss-modules-values" "^4.0.0"
    "string-hash" "^1.1.1"

"postcss-selector-parser@^6.0.2", "postcss-selector-parser@^6.0.4":
  "integrity" "sha1-VgdaE4CgRgTDiwY+p3Z6Epr1wrM="
  "resolved" "https://registry.npm.taobao.org/postcss-selector-parser/download/postcss-selector-parser-6.0.4.tgz?cache=0&sync_timestamp=1601045448419&other_urls=https%3A%2F%2Fregistry.npm.taobao.org%2Fpostcss-selector-parser%2Fdownload%2Fpostcss-selector-parser-6.0.4.tgz"
  "version" "6.0.4"
  dependencies:
    "cssesc" "^3.0.0"
    "indexes-of" "^1.0.1"
    "uniq" "^1.0.1"
    "util-deprecate" "^1.0.2"

"postcss-value-parser@^4.1.0":
  "integrity" "sha1-RD9qIM7WSBor2k+oUypuVdeJoss="
  "resolved" "https://registry.npm.taobao.org/postcss-value-parser/download/postcss-value-parser-4.1.0.tgz"
  "version" "4.1.0"

"postcss@^8.1.10", "postcss@^8.2.1":
  "integrity" "sha1-C5D5OC79pCTE8PaaLq1vaDDQjs4="
  "resolved" "https://registry.npm.taobao.org/postcss/download/postcss-8.2.8.tgz?cache=0&sync_timestamp=1615328061854&other_urls=https%3A%2F%2Fregistry.npm.taobao.org%2Fpostcss%2Fdownload%2Fpostcss-8.2.8.tgz"
  "version" "8.2.8"
  dependencies:
    "colorette" "^1.2.2"
    "nanoid" "^3.1.20"
    "source-map" "^0.6.1"

"read-pkg@^4.0.1":
  "integrity" "sha1-ljYlN48+HE1IyFhytabsfV0JMjc="
  "resolved" "https://registry.npm.taobao.org/read-pkg/download/read-pkg-4.0.1.tgz"
  "version" "4.0.1"
  dependencies:
    "normalize-package-data" "^2.3.2"
    "parse-json" "^4.0.0"
    "pify" "^3.0.0"

"readdirp@~3.5.0":
  "integrity" "sha1-m6dMAZsV02UnjS6Ru4xI17TULJ4="
  "resolved" "https://registry.npm.taobao.org/readdirp/download/readdirp-3.5.0.tgz"
  "version" "3.5.0"
  dependencies:
    "picomatch" "^2.2.1"

"regenerator-runtime@^0.13.4":
  "integrity" "sha1-ysLazIoepnX+qrrriugziYrkb1U="
  "resolved" "https://registry.npm.taobao.org/regenerator-runtime/download/regenerator-runtime-0.13.7.tgz"
  "version" "0.13.7"

"require-directory@^2.1.1":
  "integrity" "sha1-jGStX9MNqxyXbiNE/+f3kqam30I="
  "resolved" "https://registry.npm.taobao.org/require-directory/download/require-directory-2.1.1.tgz"
  "version" "2.1.1"

"require-main-filename@^2.0.0":
  "integrity" "sha1-0LMp7MfMD2Fkn2IhW+aa9UqomJs="
  "resolved" "https://registry.npm.taobao.org/require-main-filename/download/require-main-filename-2.0.0.tgz"
  "version" "2.0.0"

"resize-observer-polyfill@^1.5.1":
  "integrity" "sha1-DpAg3T0hAkRY1OvSfiPkAmmBBGQ="
  "resolved" "https://registry.npm.taobao.org/resize-observer-polyfill/download/resize-observer-polyfill-1.5.1.tgz"
  "version" "1.5.1"

"resolve@^1.10.0", "resolve@^1.19.0":
  "integrity" "sha1-YpoBP7P3B1XW8LeTXMHCxTeLGXU="
  "resolved" "https://registry.npm.taobao.org/resolve/download/resolve-1.20.0.tgz?cache=0&sync_timestamp=1613055183799&other_urls=https%3A%2F%2Fregistry.npm.taobao.org%2Fresolve%2Fdownload%2Fresolve-1.20.0.tgz"
  "version" "1.20.0"
  dependencies:
    "is-core-module" "^2.2.0"
    "path-parse" "^1.0.6"

"rollup@^2.38.5":
  "integrity" "sha1-sqOYu6u/Inc43trvCZ5JSu1GiYI="
  "resolved" "https://registry.npm.taobao.org/rollup/download/rollup-2.41.0.tgz"
  "version" "2.41.0"
  optionalDependencies:
    "fsevents" "~2.3.1"

"rxjs@^6.5.2":
  "integrity" "sha1-FNhBeqWgfF5jOZW1JeHjwN7AO3A="
  "resolved" "https://registry.npm.taobao.org/rxjs/download/rxjs-6.6.6.tgz?cache=0&sync_timestamp=1614458618256&other_urls=https%3A%2F%2Fregistry.npm.taobao.org%2Frxjs%2Fdownload%2Frxjs-6.6.6.tgz"
  "version" "6.6.6"
  dependencies:
    "tslib" "^1.9.0"

"sass-loader@^11.0.1":
  "integrity" "sha1-hnL4llk0Zlc7kE9HaT4GlTaOOMk="
  "resolved" "https://registry.npm.taobao.org/sass-loader/download/sass-loader-11.0.1.tgz?cache=0&sync_timestamp=1612804548821&other_urls=https%3A%2F%2Fregistry.npm.taobao.org%2Fsass-loader%2Fdownload%2Fsass-loader-11.0.1.tgz"
  "version" "11.0.1"
  dependencies:
    "klona" "^2.0.4"
    "neo-async" "^2.6.2"

"sass@^1.32.8":
  "integrity" "sha1-8WqavY3FMK3Yg05QaHiigIwDe9w="
  "resolved" "https://registry.npm.taobao.org/sass/download/sass-1.32.8.tgz?cache=0&sync_timestamp=1613687400541&other_urls=https%3A%2F%2Fregistry.npm.taobao.org%2Fsass%2Fdownload%2Fsass-1.32.8.tgz"
  "version" "1.32.8"
  dependencies:
    "chokidar" ">=2.0.0 <4.0.0"

"screenfull@^5.1.0":
  "integrity" "sha1-hcE8cPTq1MG4qTXHABDf3NLA5cg="
  "resolved" "https://registry.npm.taobao.org/screenfull/download/screenfull-5.1.0.tgz?cache=0&sync_timestamp=1608796473351&other_urls=https%3A%2F%2Fregistry.npm.taobao.org%2Fscreenfull%2Fdownload%2Fscreenfull-5.1.0.tgz"
  "version" "5.1.0"

"select@^1.1.2":
  "integrity" "sha1-DnNQrN7ICxEIUoeG7B1EGNEbOW0="
  "resolved" "https://registry.npm.taobao.org/select/download/select-1.1.2.tgz"
  "version" "1.1.2"

"semver@2 || 3 || 4 || 5":
  "integrity" "sha1-qVT5Ma66UI0we78Gnv8MAclhFvc="
  "resolved" "https://registry.npm.taobao.org/semver/download/semver-5.7.1.tgz?cache=0&sync_timestamp=1606853731020&other_urls=https%3A%2F%2Fregistry.npm.taobao.org%2Fsemver%2Fdownload%2Fsemver-5.7.1.tgz"
  "version" "5.7.1"

"set-blocking@^2.0.0":
  "integrity" "sha1-BF+XgtARrppoA93TgrJDkrPYkPc="
  "resolved" "https://registry.npm.taobao.org/set-blocking/download/set-blocking-2.0.0.tgz"
  "version" "2.0.0"

"sortablejs@^1.13.0":
  "integrity" "sha1-OrJHP4xpymNWnoCxzRtWabUSaek="
  "resolved" "https://registry.npm.taobao.org/sortablejs/download/sortablejs-1.13.0.tgz"
  "version" "1.13.0"

"source-map@^0.6.1":
  "integrity" "sha1-dHIq8y6WFOnCh6jQu95IteLxomM="
  "resolved" "https://registry.npm.taobao.org/source-map/download/source-map-0.6.1.tgz"
  "version" "0.6.1"

"sourcemap-codec@^1.4.4":
  "integrity" "sha1-6oBL2UhXQC5pktBaOO8a41qatMQ="
  "resolved" "https://registry.npm.taobao.org/sourcemap-codec/download/sourcemap-codec-1.4.8.tgz"
  "version" "1.4.8"

"spawn-command@^0.0.2-1":
  "integrity" "sha1-YvXpRmmBwbeW3Fkpk34RycaSG9A="
  "resolved" "https://registry.npm.taobao.org/spawn-command/download/spawn-command-0.0.2-1.tgz"
  "version" "0.0.2-1"

"spdx-correct@^3.0.0":
  "integrity" "sha1-3s6BrJweZxPl99G28X1Gj6U9iak="
  "resolved" "https://registry.npm.taobao.org/spdx-correct/download/spdx-correct-3.1.1.tgz?cache=0&sync_timestamp=1590161967473&other_urls=https%3A%2F%2Fregistry.npm.taobao.org%2Fspdx-correct%2Fdownload%2Fspdx-correct-3.1.1.tgz"
  "version" "3.1.1"
  dependencies:
    "spdx-expression-parse" "^3.0.0"
    "spdx-license-ids" "^3.0.0"

"spdx-exceptions@^2.1.0":
  "integrity" "sha1-PyjOGnegA3JoPq3kpDMYNSeiFj0="
  "resolved" "https://registry.npm.taobao.org/spdx-exceptions/download/spdx-exceptions-2.3.0.tgz?cache=0&sync_timestamp=1587422511430&other_urls=https%3A%2F%2Fregistry.npm.taobao.org%2Fspdx-exceptions%2Fdownload%2Fspdx-exceptions-2.3.0.tgz"
  "version" "2.3.0"

"spdx-expression-parse@^3.0.0":
  "integrity" "sha1-z3D1BILu/cmOPOCmgz5KU87rpnk="
  "resolved" "https://registry.npm.taobao.org/spdx-expression-parse/download/spdx-expression-parse-3.0.1.tgz"
  "version" "3.0.1"
  dependencies:
    "spdx-exceptions" "^2.1.0"
    "spdx-license-ids" "^3.0.0"

"spdx-license-ids@^3.0.0":
  "integrity" "sha1-6cGKQQ5e1+EkQqVJ+9ivp2cDjWU="
  "resolved" "https://registry.npm.taobao.org/spdx-license-ids/download/spdx-license-ids-3.0.7.tgz?cache=0&sync_timestamp=1606610843748&other_urls=https%3A%2F%2Fregistry.npm.taobao.org%2Fspdx-license-ids%2Fdownload%2Fspdx-license-ids-3.0.7.tgz"
  "version" "3.0.7"

"string-hash@^1.1.1":
  "integrity" "sha1-6Kr8CsGFW0Zmkp7X3RJ1311sgRs="
  "resolved" "https://registry.npm.taobao.org/string-hash/download/string-hash-1.1.3.tgz"
  "version" "1.1.3"

"string-width@^3.0.0", "string-width@^3.1.0":
  "integrity" "sha1-InZ74htirxCBV0MG9prFG2IgOWE="
  "resolved" "https://registry.npm.taobao.org/string-width/download/string-width-3.1.0.tgz?cache=0&sync_timestamp=1614522217971&other_urls=https%3A%2F%2Fregistry.npm.taobao.org%2Fstring-width%2Fdownload%2Fstring-width-3.1.0.tgz"
  "version" "3.1.0"
  dependencies:
    "emoji-regex" "^7.0.1"
    "is-fullwidth-code-point" "^2.0.0"
    "strip-ansi" "^5.1.0"

"strip-ansi@^5.0.0", "strip-ansi@^5.1.0", "strip-ansi@^5.2.0":
  "integrity" "sha1-jJpTb+tq/JYr36WxBKUJHBrZwK4="
  "resolved" "https://registry.npm.taobao.org/strip-ansi/download/strip-ansi-5.2.0.tgz?cache=0&sync_timestamp=1573280549549&other_urls=https%3A%2F%2Fregistry.npm.taobao.org%2Fstrip-ansi%2Fdownload%2Fstrip-ansi-5.2.0.tgz"
  "version" "5.2.0"
  dependencies:
    "ansi-regex" "^4.1.0"

"supports-color@^5.3.0":
  "integrity" "sha1-4uaaRKyHcveKHsCzW2id9lMO/I8="
  "resolved" "https://registry.npm.taobao.org/supports-color/download/supports-color-5.5.0.tgz?cache=0&sync_timestamp=1611394023277&other_urls=https%3A%2F%2Fregistry.npm.taobao.org%2Fsupports-color%2Fdownload%2Fsupports-color-5.5.0.tgz"
  "version" "5.5.0"
  dependencies:
    "has-flag" "^3.0.0"

"supports-color@^6.1.0":
  "integrity" "sha1-B2Srxpxj1ayELdSGfo0CXogN+PM="
  "resolved" "https://registry.npm.taobao.org/supports-color/download/supports-color-6.1.0.tgz?cache=0&sync_timestamp=1611394023277&other_urls=https%3A%2F%2Fregistry.npm.taobao.org%2Fsupports-color%2Fdownload%2Fsupports-color-6.1.0.tgz"
  "version" "6.1.0"
  dependencies:
    "has-flag" "^3.0.0"

"tiny-emitter@^2.0.0":
  "integrity" "sha1-HRpW7fxRxD6GPLtTgqcjMONVVCM="
  "resolved" "https://registry.npm.taobao.org/tiny-emitter/download/tiny-emitter-2.1.0.tgz"
  "version" "2.1.0"

"to-fast-properties@^2.0.0":
  "integrity" "sha1-3F5pjL0HkmW8c+A3doGk5Og/YW4="
  "resolved" "https://registry.npm.taobao.org/to-fast-properties/download/to-fast-properties-2.0.0.tgz"
  "version" "2.0.0"

"to-regex-range@^5.0.1":
  "integrity" "sha1-FkjESq58jZiKMmAY7XL1tN0DkuQ="
  "resolved" "https://registry.npm.taobao.org/to-regex-range/download/to-regex-range-5.0.1.tgz"
  "version" "5.0.1"
  dependencies:
    "is-number" "^7.0.0"

"tree-kill@^1.2.2":
  "integrity" "sha1-TKCakJLIi3OnzcXooBtQeweQoMw="
  "resolved" "https://registry.npm.taobao.org/tree-kill/download/tree-kill-1.2.2.tgz"
  "version" "1.2.2"

"tslib@^1.9.0":
  "integrity" "sha1-zy04vcNKE0vK8QkcQfZhni9nLQA="
  "resolved" "https://registry.npm.taobao.org/tslib/download/tslib-1.14.1.tgz?cache=0&sync_timestamp=1609887438976&other_urls=https%3A%2F%2Fregistry.npm.taobao.org%2Ftslib%2Fdownload%2Ftslib-1.14.1.tgz"
  "version" "1.14.1"

"tslib@2.0.3":
  "integrity" "sha1-jgdBrEX8DCJuWKF7/D5kubxsphw="
  "resolved" "https://registry.npm.taobao.org/tslib/download/tslib-2.0.3.tgz?cache=0&sync_timestamp=1609887438976&other_urls=https%3A%2F%2Fregistry.npm.taobao.org%2Ftslib%2Fdownload%2Ftslib-2.0.3.tgz"
  "version" "2.0.3"

"typescript@^4.2.3":
  "integrity" "sha1-OQYtgBmRLUNyYpjwlJPVmASMHOM="
  "resolved" "https://registry.npm.taobao.org/typescript/download/typescript-4.2.3.tgz?cache=0&sync_timestamp=1615280825954&other_urls=https%3A%2F%2Fregistry.npm.taobao.org%2Ftypescript%2Fdownload%2Ftypescript-4.2.3.tgz"
  "version" "4.2.3"

"uniq@^1.0.1":
  "integrity" "sha1-sxxa6CVIRKOoKBVBzisEuGWnNP8="
  "resolved" "https://registry.npm.taobao.org/uniq/download/uniq-1.0.1.tgz"
  "version" "1.0.1"

"util-deprecate@^1.0.2":
  "integrity" "sha1-RQ1Nyfpw3nMnYvvS1KKJgUGaDM8="
  "resolved" "https://registry.npm.taobao.org/util-deprecate/download/util-deprecate-1.0.2.tgz"
  "version" "1.0.2"

"validate-npm-package-license@^3.0.1":
  "integrity" "sha1-/JH2uce6FchX9MssXe/uw51PQQo="
  "resolved" "https://registry.npm.taobao.org/validate-npm-package-license/download/validate-npm-package-license-3.0.4.tgz"
  "version" "3.0.4"
  dependencies:
    "spdx-correct" "^3.0.0"
    "spdx-expression-parse" "^3.0.0"

"vite@^2.0.5":
  "integrity" "sha1-rEaFej+oaG0HeSHmG9SKmGkx3x0="
  "resolved" "https://registry.npm.taobao.org/vite/download/vite-2.0.5.tgz"
  "version" "2.0.5"
  dependencies:
    "esbuild" "^0.8.52"
    "postcss" "^8.2.1"
    "resolve" "^1.19.0"
    "rollup" "^2.38.5"
  optionalDependencies:
    "fsevents" "~2.3.1"

"vue-router@^4.0.2":
  "integrity" "sha1-rZtLe72tYiQHtP8YmxZG9IwekFM="
  "resolved" "https://registry.npm.taobao.org/vue-router/download/vue-router-4.0.4.tgz?cache=0&sync_timestamp=1613740784642&other_urls=https%3A%2F%2Fregistry.npm.taobao.org%2Fvue-router%2Fdownload%2Fvue-router-4.0.4.tgz"
  "version" "4.0.4"

"vue@^3.0.5":
  "integrity" "sha1-i8/1H4vlcPnkzozF9S4qsP48dKE="
  "resolved" "https://registry.npm.taobao.org/vue/download/vue-3.0.7.tgz?cache=0&sync_timestamp=1614614651009&other_urls=https%3A%2F%2Fregistry.npm.taobao.org%2Fvue%2Fdownload%2Fvue-3.0.7.tgz"
  "version" "3.0.7"
  dependencies:
    "@vue/compiler-dom" "3.0.7"
    "@vue/runtime-dom" "3.0.7"
    "@vue/shared" "3.0.7"

"vuex@^4.0.0-0":
  "integrity" "sha1-rId6p2qcRTaMl5Rx5GG1INOObPU="
  "resolved" "https://registry.npm.taobao.org/vuex/download/vuex-4.0.0.tgz?cache=0&sync_timestamp=1612277442796&other_urls=https%3A%2F%2Fregistry.npm.taobao.org%2Fvuex%2Fdownload%2Fvuex-4.0.0.tgz"
  "version" "4.0.0"

"wangeditor@^4.6.8":
  "integrity" "sha1-iS+Z7sZymxWdSVmcfocxmT2N3Lo="
  "resolved" "https://registry.npm.taobao.org/wangeditor/download/wangeditor-4.6.8.tgz"
  "version" "4.6.8"
  dependencies:
    "@babel/runtime" "^7.11.2"
    "@babel/runtime-corejs3" "^7.11.2"

"which-module@^2.0.0":
  "integrity" "sha1-2e8H3Od7mQK4o6j6SzHD4/fm6Ho="
  "resolved" "https://registry.npm.taobao.org/which-module/download/which-module-2.0.0.tgz"
  "version" "2.0.0"

"wrap-ansi@^5.1.0":
  "integrity" "sha1-H9H2cjXVttD+54EFYAG/tpTAOwk="
  "resolved" "https://registry.npm.taobao.org/wrap-ansi/download/wrap-ansi-5.1.0.tgz"
  "version" "5.1.0"
  dependencies:
    "ansi-styles" "^3.2.0"
    "string-width" "^3.0.0"
    "strip-ansi" "^5.0.0"

"y18n@^4.0.0":
  "integrity" "sha1-jbK4PDHF11CZu4kLI/MJSJHiR9Q="
  "resolved" "https://registry.npm.taobao.org/y18n/download/y18n-4.0.1.tgz?cache=0&sync_timestamp=1609798736426&other_urls=https%3A%2F%2Fregistry.npm.taobao.org%2Fy18n%2Fdownload%2Fy18n-4.0.1.tgz"
  "version" "4.0.1"

"yallist@^3.0.2":
  "integrity" "sha1-27fa+b/YusmrRev2ArjLrQ1dCP0="
  "resolved" "https://registry.npm.taobao.org/yallist/download/yallist-3.1.1.tgz?cache=0&sync_timestamp=1569874223546&other_urls=https%3A%2F%2Fregistry.npm.taobao.org%2Fyallist%2Fdownload%2Fyallist-3.1.1.tgz"
  "version" "3.1.1"

"yargs-parser@^13.1.2":
  "integrity" "sha1-Ew8JcC667vJlDVTObj5XBvek+zg="
  "resolved" "https://registry.npm.taobao.org/yargs-parser/download/yargs-parser-13.1.2.tgz"
  "version" "13.1.2"
  dependencies:
    "camelcase" "^5.0.0"
    "decamelize" "^1.2.0"

"yargs@^13.3.0":
  "integrity" "sha1-rX/+/sGqWVZayRX4Lcyzipwxot0="
  "resolved" "https://registry.npm.taobao.org/yargs/download/yargs-13.3.2.tgz"
  "version" "13.3.2"
  dependencies:
    "cliui" "^5.0.0"
    "find-up" "^3.0.0"
    "get-caller-file" "^2.0.1"
    "require-directory" "^2.1.1"
    "require-main-filename" "^2.0.0"
    "set-blocking" "^2.0.0"
    "string-width" "^3.0.0"
    "which-module" "^2.0.0"
    "y18n" "^4.0.0"
    "yargs-parser" "^13.1.2"

"zrender@5.0.4":
  "integrity" "sha1-icNVr5CLn2SjAbOPdRt5UfLIqVo="
  "resolved" "https://registry.npm.taobao.org/zrender/download/zrender-5.0.4.tgz?cache=0&sync_timestamp=1612184604936&other_urls=https%3A%2F%2Fregistry.npm.taobao.org%2Fzrender%2Fdownload%2Fzrender-5.0.4.tgz"
  "version" "5.0.4"
  dependencies:
    "tslib" "2.0.3"
